// !$*UTF8*$!
{
	archiveVersion = 1;
	classes = {
	};
	objectVersion = 50;
	objects = {

/* Begin PBXBuildFile section */
		392FBBC92508D8A9004F252D /* AppDelegate.swift in Sources */ = {isa = PBXBuildFile; fileRef = 392FBBC82508D8A9004F252D /* AppDelegate.swift */; };
		392FBBCB2508D8A9004F252D /* SceneDelegate.swift in Sources */ = {isa = PBXBuildFile; fileRef = 392FBBCA2508D8A9004F252D /* SceneDelegate.swift */; };
		392FBBCD2508D8A9004F252D /* ViewController.swift in Sources */ = {isa = PBXBuildFile; fileRef = 392FBBCC2508D8A9004F252D /* ViewController.swift */; };
		392FBBD02508D8A9004F252D /* Main.storyboard in Resources */ = {isa = PBXBuildFile; fileRef = 392FBBCE2508D8A9004F252D /* Main.storyboard */; };
		392FBBD22508D8AD004F252D /* Assets.xcassets in Resources */ = {isa = PBXBuildFile; fileRef = 392FBBD12508D8AD004F252D /* Assets.xcassets */; };
		392FBBD52508D8AD004F252D /* LaunchScreen.storyboard in Resources */ = {isa = PBXBuildFile; fileRef = 392FBBD32508D8AD004F252D /* LaunchScreen.storyboard */; };
		392FBBDD2508D927004F252D /* SwiftyJSON.swift in Sources */ = {isa = PBXBuildFile; fileRef = 392FBBDC2508D927004F252D /* SwiftyJSON.swift */; };
		392FBBDF2508DADB004F252D /* DetailViewController.swift in Sources */ = {isa = PBXBuildFile; fileRef = 392FBBDE2508DADB004F252D /* DetailViewController.swift */; };
		392FBBE52508DD08004F252D /* GC.xcdatamodeld in Sources */ = {isa = PBXBuildFile; fileRef = 392FBBE32508DD08004F252D /* GC.xcdatamodeld */; };
		392FBBEC2508F379004F252D /* Commit+CoreDataClass.swift in Sources */ = {isa = PBXBuildFile; fileRef = 392FBBEA2508F379004F252D /* Commit+CoreDataClass.swift */; };
		392FBBED2508F379004F252D /* Commit+CoreDataProperties.swift in Sources */ = {isa = PBXBuildFile; fileRef = 392FBBEB2508F379004F252D /* Commit+CoreDataProperties.swift */; };
		3956F0D02509A8F500EF1C89 /* Author+CoreDataClass.swift in Sources */ = {isa = PBXBuildFile; fileRef = 3956F0CE2509A8F500EF1C89 /* Author+CoreDataClass.swift */; };
		3956F0D12509A8F500EF1C89 /* Author+CoreDataProperties.swift in Sources */ = {isa = PBXBuildFile; fileRef = 3956F0CF2509A8F500EF1C89 /* Author+CoreDataProperties.swift */; };
/* End PBXBuildFile section */

/* Begin PBXFileReference section */
		392FBBC52508D8A9004F252D /* GithubCommits.app */ = {isa = PBXFileReference; explicitFileType = wrapper.application; includeInIndex = 0; path = GithubCommits.app; sourceTree = BUILT_PRODUCTS_DIR; };
		392FBBC82508D8A9004F252D /* AppDelegate.swift */ = {isa = PBXFileReference; lastKnownFileType = sourcecode.swift; path = AppDelegate.swift; sourceTree = "<group>"; };
		392FBBCA2508D8A9004F252D /* SceneDelegate.swift */ = {isa = PBXFileReference; lastKnownFileType = sourcecode.swift; path = SceneDelegate.swift; sourceTree = "<group>"; };
		392FBBCC2508D8A9004F252D /* ViewController.swift */ = {isa = PBXFileReference; lastKnownFileType = sourcecode.swift; path = ViewController.swift; sourceTree = "<group>"; };
		392FBBCF2508D8A9004F252D /* Base */ = {isa = PBXFileReference; lastKnownFileType = file.storyboard; name = Base; path = Base.lproj/Main.storyboard; sourceTree = "<group>"; };
		392FBBD12508D8AD004F252D /* Assets.xcassets */ = {isa = PBXFileReference; lastKnownFileType = folder.assetcatalog; path = Assets.xcassets; sourceTree = "<group>"; };
		392FBBD42508D8AD004F252D /* Base */ = {isa = PBXFileReference; lastKnownFileType = file.storyboard; name = Base; path = Base.lproj/LaunchScreen.storyboard; sourceTree = "<group>"; };
		392FBBD62508D8AD004F252D /* Info.plist */ = {isa = PBXFileReference; lastKnownFileType = text.plist.xml; path = Info.plist; sourceTree = "<group>"; };
		392FBBDC2508D927004F252D /* SwiftyJSON.swift */ = {isa = PBXFileReference; lastKnownFileType = sourcecode.swift; path = SwiftyJSON.swift; sourceTree = "<group>"; };
		392FBBDE2508DADB004F252D /* DetailViewController.swift */ = {isa = PBXFileReference; lastKnownFileType = sourcecode.swift; path = DetailViewController.swift; sourceTree = "<group>"; };
		392FBBE42508DD08004F252D /* GC.xcdatamodel */ = {isa = PBXFileReference; lastKnownFileType = wrapper.xcdatamodel; path = GC.xcdatamodel; sourceTree = "<group>"; };
		392FBBEA2508F379004F252D /* Commit+CoreDataClass.swift */ = {isa = PBXFileReference; lastKnownFileType = sourcecode.swift; path = "Commit+CoreDataClass.swift"; sourceTree = "<group>"; };
		392FBBEB2508F379004F252D /* Commit+CoreDataProperties.swift */ = {isa = PBXFileReference; lastKnownFileType = sourcecode.swift; path = "Commit+CoreDataProperties.swift"; sourceTree = "<group>"; };
		3956F0CE2509A8F500EF1C89 /* Author+CoreDataClass.swift */ = {isa = PBXFileReference; lastKnownFileType = sourcecode.swift; path = "Author+CoreDataClass.swift"; sourceTree = "<group>"; };
		3956F0CF2509A8F500EF1C89 /* Author+CoreDataProperties.swift */ = {isa = PBXFileReference; lastKnownFileType = sourcecode.swift; path = "Author+CoreDataProperties.swift"; sourceTree = "<group>"; };
/* End PBXFileReference section */

/* Begin PBXFrameworksBuildPhase section */
		392FBBC22508D8A9004F252D /* Frameworks */ = {
			isa = PBXFrameworksBuildPhase;
			buildActionMask = 2147483647;
			files = (
			);
			runOnlyForDeploymentPostprocessing = 0;
		};
/* End PBXFrameworksBuildPhase section */

/* Begin PBXGroup section */
		392FBBBC2508D8A9004F252D = {
			isa = PBXGroup;
			children = (
				392FBBC72508D8A9004F252D /* GithubCommits */,
				392FBBC62508D8A9004F252D /* Products */,
			);
			sourceTree = "<group>";
		};
		392FBBC62508D8A9004F252D /* Products */ = {
			isa = PBXGroup;
			children = (
				392FBBC52508D8A9004F252D /* GithubCommits.app */,
			);
			name = Products;
			sourceTree = "<group>";
		};
		392FBBC72508D8A9004F252D /* GithubCommits */ = {
			isa = PBXGroup;
			children = (
				3956F0D3250A27C500EF1C89 /* Library */,
				3956F0D2250A276700EF1C89 /* ManagedObject */,
				392FBBC82508D8A9004F252D /* AppDelegate.swift */,
				392FBBCA2508D8A9004F252D /* SceneDelegate.swift */,
				392FBBCC2508D8A9004F252D /* ViewController.swift */,
				392FBBCE2508D8A9004F252D /* Main.storyboard */,
				392FBBD12508D8AD004F252D /* Assets.xcassets */,
				392FBBD32508D8AD004F252D /* LaunchScreen.storyboard */,
				392FBBD62508D8AD004F252D /* Info.plist */,
				392FBBDE2508DADB004F252D /* DetailViewController.swift */,
				392FBBE32508DD08004F252D /* GC.xcdatamodeld */,
			);
			path = GithubCommits;
			sourceTree = "<group>";
		};
		3956F0D2250A276700EF1C89 /* ManagedObject */ = {
			isa = PBXGroup;
			children = (
				3956F0CE2509A8F500EF1C89 /* Author+CoreDataClass.swift */,
				3956F0CF2509A8F500EF1C89 /* Author+CoreDataProperties.swift */,
				392FBBEA2508F379004F252D /* Commit+CoreDataClass.swift */,
				392FBBEB2508F379004F252D /* Commit+CoreDataProperties.swift */,
			);
			path = ManagedObject;
			sourceTree = "<group>";
		};
		3956F0D3250A27C500EF1C89 /* Library */ = {
			isa = PBXGroup;
			children = (
				392FBBDC2508D927004F252D /* SwiftyJSON.swift */,
			);
			path = Library;
			sourceTree = "<group>";
		};
/* End PBXGroup section */

/* Begin PBXNativeTarget section */
		392FBBC42508D8A9004F252D /* GithubCommits */ = {
			isa = PBXNativeTarget;
			buildConfigurationList = 392FBBD92508D8AD004F252D /* Build configuration list for PBXNativeTarget "GithubCommits" */;
			buildPhases = (
				392FBBC12508D8A9004F252D /* Sources */,
				392FBBC22508D8A9004F252D /* Frameworks */,
				392FBBC32508D8A9004F252D /* Resources */,
			);
			buildRules = (
			);
			dependencies = (
			);
			name = GithubCommits;
			productName = GithubCommits;
			productReference = 392FBBC52508D8A9004F252D /* GithubCommits.app */;
			productType = "com.apple.product-type.application";
		};
/* End PBXNativeTarget section */

/* Begin PBXProject section */
		392FBBBD2508D8A9004F252D /* Project object */ = {
			isa = PBXProject;
			attributes = {
				LastSwiftUpdateCheck = 1160;
				LastUpgradeCheck = 1160;
				ORGANIZATIONNAME = AHF;
				TargetAttributes = {
					392FBBC42508D8A9004F252D = {
						CreatedOnToolsVersion = 11.6;
					};
				};
			};
			buildConfigurationList = 392FBBC02508D8A9004F252D /* Build configuration list for PBXProject "GithubCommits" */;
			compatibilityVersion = "Xcode 9.3";
			developmentRegion = en;
			hasScannedForEncodings = 0;
			knownRegions = (
				en,
				Base,
			);
			mainGroup = 392FBBBC2508D8A9004F252D;
			productRefGroup = 392FBBC62508D8A9004F252D /* Products */;
			projectDirPath = "";
			projectRoot = "";
			targets = (
				392FBBC42508D8A9004F252D /* GithubCommits */,
			);
		};
/* End PBXProject section */

/* Begin PBXResourcesBuildPhase section */
		392FBBC32508D8A9004F252D /* Resources */ = {
			isa = PBXResourcesBuildPhase;
			buildActionMask = 2147483647;
			files = (
				392FBBD52508D8AD004F252D /* LaunchScreen.storyboard in Resources */,
				392FBBD22508D8AD004F252D /* Assets.xcassets in Resources */,
				392FBBD02508D8A9004F252D /* Main.storyboard in Resources */,
			);
			runOnlyForDeploymentPostprocessing = 0;
		};
/* End PBXResourcesBuildPhase section */

/* Begin PBXSourcesBuildPhase section */
		392FBBC12508D8A9004F252D /* Sources */ = {
			isa = PBXSourcesBuildPhase;
			buildActionMask = 2147483647;
			files = (
				392FBBCD2508D8A9004F252D /* ViewController.swift in Sources */,
				392FBBEC2508F379004F252D /* Commit+CoreDataClass.swift in Sources */,
				392FBBC92508D8A9004F252D /* AppDelegate.swift in Sources */,
				392FBBDF2508DADB004F252D /* DetailViewController.swift in Sources */,
				392FBBE52508DD08004F252D /* GC.xcdatamodeld in Sources */,
				392FBBCB2508D8A9004F252D /* SceneDelegate.swift in Sources */,
				3956F0D02509A8F500EF1C89 /* Author+CoreDataClass.swift in Sources */,
				392FBBED2508F379004F252D /* Commit+CoreDataProperties.swift in Sources */,
				3956F0D12509A8F500EF1C89 /* Author+CoreDataProperties.swift in Sources */,
				392FBBDD2508D927004F252D /* SwiftyJSON.swift in Sources */,
			);
			runOnlyForDeploymentPostprocessing = 0;
		};
/* End PBXSourcesBuildPhase section */

/* Begin PBXVariantGroup section */
		392FBBCE2508D8A9004F252D /* Main.storyboard */ = {
			isa = PBXVariantGroup;
			children = (
				392FBBCF2508D8A9004F252D /* Base */,
			);
			name = Main.storyboard;
			sourceTree = "<group>";
		};
		392FBBD32508D8AD004F252D /* LaunchScreen.storyboard */ = {
			isa = PBXVariantGroup;
			children = (
				392FBBD42508D8AD004F252D /* Base */,
			);
			name = LaunchScreen.storyboard;
			sourceTree = "<group>";
		};
/* End PBXVariantGroup section */

/* Begin XCBuildConfiguration section */
		392FBBD72508D8AD004F252D /* Debug */ = {
			isa = XCBuildConfiguration;
			buildSettings = {
				ALWAYS_SEARCH_USER_PATHS = NO;
				CLANG_ANALYZER_NONNULL = YES;
				CLANG_ANALYZER_NUMBER_OBJECT_CONVERSION = YES_AGGRESSIVE;
				CLANG_CXX_LANGUAGE_STANDARD = "gnu++14";
				CLANG_CXX_LIBRARY = "libc++";
				CLANG_ENABLE_MODULES = YES;
				CLANG_ENABLE_OBJC_ARC = YES;
				CLANG_ENABLE_OBJC_WEAK = YES;
				CLANG_WARN_BLOCK_CAPTURE_AUTORELEASING = YES;
				CLANG_WARN_BOOL_CONVERSION = YES;
				CLANG_WARN_COMMA = YES;
				CLANG_WARN_CONSTANT_CONVERSION = YES;
				CLANG_WARN_DEPRECATED_OBJC_IMPLEMENTATIONS = YES;
				CLANG_WARN_DIRECT_OBJC_ISA_USAGE = YES_ERROR;
				CLANG_WARN_DOCUMENTATION_COMMENTS = YES;
				CLANG_WARN_EMPTY_BODY = YES;
				CLANG_WARN_ENUM_CONVERSION = YES;
				CLANG_WARN_INFINITE_RECURSION = YES;
				CLANG_WARN_INT_CONVERSION = YES;
				CLANG_WARN_NON_LITERAL_NULL_CONVERSION = YES;
				CLANG_WARN_OBJC_IMPLICIT_RETAIN_SELF = YES;
				CLANG_WARN_OBJC_LITERAL_CONVERSION = YES;
				CLANG_WARN_OBJC_ROOT_CLASS = YES_ERROR;
				CLANG_WARN_RANGE_LOOP_ANALYSIS = YES;
				CLANG_WARN_STRICT_PROTOTYPES = YES;
				CLANG_WARN_SUSPICIOUS_MOVE = YES;
				CLANG_WARN_UNGUARDED_AVAILABILITY = YES_AGGRESSIVE;
				CLANG_WARN_UNREACHABLE_CODE = YES;
				CLANG_WARN__DUPLICATE_METHOD_MATCH = YES;
				COPY_PHASE_STRIP = NO;
				DEBUG_INFORMATION_FORMAT = dwarf;
				ENABLE_STRICT_OBJC_MSGSEND = YES;
				ENABLE_TESTABILITY = YES;
				GCC_C_LANGUAGE_STANDARD = gnu11;
				GCC_DYNAMIC_NO_PIC = NO;
				GCC_NO_COMMON_BLOCKS = YES;
				GCC_OPTIMIZATION_LEVEL = 0;
				GCC_PREPROCESSOR_DEFINITIONS = (
					"DEBUG=1",
					"$(inherited)",
				);
				GCC_WARN_64_TO_32_BIT_CONVERSION = YES;
				GCC_WARN_ABOUT_RETURN_TYPE = YES_ERROR;
				GCC_WARN_UNDECLARED_SELECTOR = YES;
				GCC_WARN_UNINITIALIZED_AUTOS = YES_AGGRESSIVE;
				GCC_WARN_UNUSED_FUNCTION = YES;
				GCC_WARN_UNUSED_VARIABLE = YES;
				IPHONEOS_DEPLOYMENT_TARGET = 13.6;
				MTL_ENABLE_DEBUG_INFO = INCLUDE_SOURCE;
				MTL_FAST_MATH = YES;
				ONLY_ACTIVE_ARCH = YES;
				SDKROOT = iphoneos;
				SWIFT_ACTIVE_COMPILATION_CONDITIONS = DEBUG;
				SWIFT_OPTIMIZATION_LEVEL = "-Onone";
			};
			name = Debug;
		};
		392FBBD82508D8AD004F252D /* Release */ = {
			isa = XCBuildConfiguration;
			buildSettings = {
				ALWAYS_SEARCH_USER_PATHS = NO;
				CLANG_ANALYZER_NONNULL = YES;
				CLANG_ANALYZER_NUMBER_OBJECT_CONVERSION = YES_AGGRESSIVE;
				CLANG_CXX_LANGUAGE_STANDARD = "gnu++14";
				CLANG_CXX_LIBRARY = "libc++";
				CLANG_ENABLE_MODULES = YES;
				CLANG_ENABLE_OBJC_ARC = YES;
				CLANG_ENABLE_OBJC_WEAK = YES;
				CLANG_WARN_BLOCK_CAPTURE_AUTORELEASING = YES;
				CLANG_WARN_BOOL_CONVERSION = YES;
				CLANG_WARN_COMMA = YES;
				CLANG_WARN_CONSTANT_CONVERSION = YES;
				CLANG_WARN_DEPRECATED_OBJC_IMPLEMENTATIONS = YES;
				CLANG_WARN_DIRECT_OBJC_ISA_USAGE = YES_ERROR;
				CLANG_WARN_DOCUMENTATION_COMMENTS = YES;
				CLANG_WARN_EMPTY_BODY = YES;
				CLANG_WARN_ENUM_CONVERSION = YES;
				CLANG_WARN_INFINITE_RECURSION = YES;
				CLANG_WARN_INT_CONVERSION = YES;
				CLANG_WARN_NON_LITERAL_NULL_CONVERSION = YES;
				CLANG_WARN_OBJC_IMPLICIT_RETAIN_SELF = YES;
				CLANG_WARN_OBJC_LITERAL_CONVERSION = YES;
				CLANG_WARN_OBJC_ROOT_CLASS = YES_ERROR;
				CLANG_WARN_RANGE_LOOP_ANALYSIS = YES;
				CLANG_WARN_STRICT_PROTOTYPES = YES;
				CLANG_WARN_SUSPICIOUS_MOVE = YES;
				CLANG_WARN_UNGUARDED_AVAILABILITY = YES_AGGRESSIVE;
				CLANG_WARN_UNREACHABLE_CODE = YES;
				CLANG_WARN__DUPLICATE_METHOD_MATCH = YES;
				COPY_PHASE_STRIP = NO;
				DEBUG_INFORMATION_FORMAT = "dwarf-with-dsym";
				ENABLE_NS_ASSERTIONS = NO;
				ENABLE_STRICT_OBJC_MSGSEND = YES;
				GCC_C_LANGUAGE_STANDARD = gnu11;
				GCC_NO_COMMON_BLOCKS = YES;
				GCC_WARN_64_TO_32_BIT_CONVERSION = YES;
				GCC_WARN_ABOUT_RETURN_TYPE = YES_ERROR;
				GCC_WARN_UNDECLARED_SELECTOR = YES;
				GCC_WARN_UNINITIALIZED_AUTOS = YES_AGGRESSIVE;
				GCC_WARN_UNUSED_FUNCTION = YES;
				GCC_WARN_UNUSED_VARIABLE = YES;
				IPHONEOS_DEPLOYMENT_TARGET = 13.6;
				MTL_ENABLE_DEBUG_INFO = NO;
				MTL_FAST_MATH = YES;
				SDKROOT = iphoneos;
				SWIFT_COMPILATION_MODE = wholemodule;
				SWIFT_OPTIMIZATION_LEVEL = "-O";
				VALIDATE_PRODUCT = YES;
			};
			name = Release;
		};
		392FBBDA2508D8AD004F252D /* Debug */ = {
			isa = XCBuildConfiguration;
			buildSettings = {
				ASSETCATALOG_COMPILER_APPICON_NAME = AppIcon;
				CODE_SIGN_STYLE = Automatic;
				DEVELOPMENT_TEAM = VB544QR8U9;
				INFOPLIST_FILE = GithubCommits/Info.plist;
				LD_RUNPATH_SEARCH_PATHS = (
					"$(inherited)",
					"@executable_path/Frameworks",
				);
				PRODUCT_BUNDLE_IDENTIFIER = xyz.asephavefun.GithubCommits;
				PRODUCT_NAME = "$(TARGET_NAME)";
				SWIFT_VERSION = 5.0;
				TARGETED_DEVICE_FAMILY = "1,2";
			};
			name = Debug;
		};
		392FBBDB2508D8AD004F252D /* Release */ = {
			isa = XCBuildConfiguration;
			buildSettings = {
				ASSETCATALOG_COMPILER_APPICON_NAME = AppIcon;
				CODE_SIGN_STYLE = Automatic;
				DEVELOPMENT_TEAM = VB544QR8U9;
				INFOPLIST_FILE = GithubCommits/Info.plist;
				LD_RUNPATH_SEARCH_PATHS = (
					"$(inherited)",
					"@executable_path/Frameworks",
				);
				PRODUCT_BUNDLE_IDENTIFIER = xyz.asephavefun.GithubCommits;
				PRODUCT_NAME = "$(TARGET_NAME)";
				SWIFT_VERSION = 5.0;
				TARGETED_DEVICE_FAMILY = "1,2";
			};
			name = Release;
		};
/* End XCBuildConfiguration section */

/* Begin XCConfigurationList section */
		392FBBC02508D8A9004F252D /* Build configuration list for PBXProject "GithubCommits" */ = {
			isa = XCConfigurationList;
			buildConfigurations = (
				392FBBD72508D8AD004F252D /* Debug */,
				392FBBD82508D8AD004F252D /* Release */,
			);
			defaultConfigurationIsVisible = 0;
			defaultConfigurationName = Release;
		};
		392FBBD92508D8AD004F252D /* Build configuration list for PBXNativeTarget "GithubCommits" */ = {
			isa = XCConfigurationList;
			buildConfigurations = (
				392FBBDA2508D8AD004F252D /* Debug */,
				392FBBDB2508D8AD004F252D /* Release */,
			);
			defaultConfigurationIsVisible = 0;
			defaultConfigurationName = Release;
		};
/* End XCConfigurationList section */

/* Begin XCVersionGroup section */
		392FBBE32508DD08004F252D /* GC.xcdatamodeld */ = {
			isa = XCVersionGroup;
			children = (
				392FBBE42508DD08004F252D /* GC.xcdatamodel */,
			);
			currentVersion = 392FBBE42508DD08004F252D /* GC.xcdatamodel */;
			path = GC.xcdatamodeld;
			sourceTree = "<group>";
			versionGroupType = wrapper.xcdatamodel;
		};
/* End XCVersionGroup section */
	};
	rootObject = 392FBBBD2508D8A9004F252D /* Project object */;
}
